
Microsoft Visual Studio Solution File, Format Version 12.00
# Visual Studio Version 16
VisualStudioVersion = 16.0.31129.286
MinimumVisualStudioVersion = 10.0.40219.1
Project("{FAE04EC0-301F-11D3-BF4B-00C04F79EFBC}") = "TicTacToe", "TicTacToe.csproj", "{DED21447-38BA-4085-AE3D-37761FC02C2E}"
EndProject
Global
	GlobalSection(SolutionConfigurationPlatforms) = preSolution
		Debug|Any CPU = Debug|Any CPU
		Release|Any CPU = Release|Any CPU
	EndGlobalSection
	GlobalSection(ProjectConfigurationPlatforms) = postSolution
		{DED21447-38BA-4085-AE3D-37761FC02C2E}.Debug|Any CPU.ActiveCfg = Debug|Any CPU
		{DED21447-38BA-4085-AE3D-37761FC02C2E}.Debug|Any CPU.Build.0 = Debug|Any CPU
		{DED21447-38BA-4085-AE3D-37761FC02C2E}.Release|Any CPU.ActiveCfg = Release|Any CPU
		{DED21447-38BA-4085-AE3D-37761FC02C2E}.Release|Any CPU.Build.0 = Release|Any CPU
	EndGlobalSection
	GlobalSection(SolutionProperties) = preSolution
		HideSolutionNode = FALSE
	EndGlobalSection
	GlobalSection(ExtensibilityGlobals) = postSolution
		SolutionGuid = {984E7DA1-BA4C-40AE-9241-CA643CD51807}
	EndGlobalSection
EndGlobal
